
Microsoft Visual Studio Solution File, Format Version 12.00
# Visual Studio Version 17
VisualStudioVersion = 17.8.34408.163
MinimumVisualStudioVersion = 10.0.40219.1
Project("{9A19103F-16F7-4668-BE54-9A1E7A4F7556}") = "Chess.net", "Chess.net.csproj", "{1DF63282-48DA-49A2-BCF1-7F7A366C3467}"
EndProject
Project("{9A19103F-16F7-4668-BE54-9A1E7A4F7556}") = "Domain", "..\Domain\Domain.csproj", "{FAC00856-E18A-44A2-B597-310E9E745E80}"
EndProject
Project("{FAE04EC0-301F-11D3-BF4B-00C04F79EFBC}") = "Infrastructure", "..\Infrastructure\Infrastructure.csproj", "{11F10DAB-0501-4CB3-B739-4BFC6420B295}"
EndProject
Global
	GlobalSection(SolutionConfigurationPlatforms) = preSolution
		Debug|Any CPU = Debug|Any CPU
		Release|Any CPU = Release|Any CPU
	EndGlobalSection
	GlobalSection(ProjectConfigurationPlatforms) = postSolution
		{1DF63282-48DA-49A2-BCF1-7F7A366C3467}.Debug|Any CPU.ActiveCfg = Debug|Any CPU
		{1DF63282-48DA-49A2-BCF1-7F7A366C3467}.Debug|Any CPU.Build.0 = Debug|Any CPU
		{1DF63282-48DA-49A2-BCF1-7F7A366C3467}.Release|Any CPU.ActiveCfg = Release|Any CPU
		{1DF63282-48DA-49A2-BCF1-7F7A366C3467}.Release|Any CPU.Build.0 = Release|Any CPU
		{FAC00856-E18A-44A2-B597-310E9E745E80}.Debug|Any CPU.ActiveCfg = Debug|Any CPU
		{FAC00856-E18A-44A2-B597-310E9E745E80}.Debug|Any CPU.Build.0 = Debug|Any CPU
		{FAC00856-E18A-44A2-B597-310E9E745E80}.Release|Any CPU.ActiveCfg = Release|Any CPU
		{FAC00856-E18A-44A2-B597-310E9E745E80}.Release|Any CPU.Build.0 = Release|Any CPU
		{11F10DAB-0501-4CB3-B739-4BFC6420B295}.Debug|Any CPU.ActiveCfg = Debug|Any CPU
		{11F10DAB-0501-4CB3-B739-4BFC6420B295}.Debug|Any CPU.Build.0 = Debug|Any CPU
		{11F10DAB-0501-4CB3-B739-4BFC6420B295}.Release|Any CPU.ActiveCfg = Release|Any CPU
		{11F10DAB-0501-4CB3-B739-4BFC6420B295}.Release|Any CPU.Build.0 = Release|Any CPU
	EndGlobalSection
	GlobalSection(SolutionProperties) = preSolution
		HideSolutionNode = FALSE
	EndGlobalSection
	GlobalSection(ExtensibilityGlobals) = postSolution
		SolutionGuid = {44D384DF-099E-4130-85E2-8E487B0D9344}
	EndGlobalSection
EndGlobal
